
Microsoft Visual Studio Solution File, Format Version 12.00
# Visual Studio Version 17
VisualStudioVersion = 17.2.32616.157
MinimumVisualStudioVersion = 10.0.40219.1
Project("{FAE04EC0-301F-11D3-BF4B-00C04F79EFBC}") = "Myproj.Api", "Myproj.Api\Myproj.Api.csproj", "{A94CB7C8-85DA-4ECD-9C9B-BC4E53A32F9D}"
EndProject
Project("{FAE04EC0-301F-11D3-BF4B-00C04F79EFBC}") = "MyProj.Model", "MyProj.Model\MyProj.Model.csproj", "{4490A94B-999B-4E74-A61F-3FCF71403C66}"
EndProject
Project("{FAE04EC0-301F-11D3-BF4B-00C04F79EFBC}") = "MyProj.MVC", "MyProj.MVC\MyProj.MVC.csproj", "{5FEF5C9D-8561-4AD2-973C-FE7C1CF3A097}"
EndProject
Global
	GlobalSection(SolutionConfigurationPlatforms) = preSolution
		Debug|Any CPU = Debug|Any CPU
		Release|Any CPU = Release|Any CPU
	EndGlobalSection
	GlobalSection(ProjectConfigurationPlatforms) = postSolution
		{A94CB7C8-85DA-4ECD-9C9B-BC4E53A32F9D}.Debug|Any CPU.ActiveCfg = Debug|Any CPU
		{A94CB7C8-85DA-4ECD-9C9B-BC4E53A32F9D}.Debug|Any CPU.Build.0 = Debug|Any CPU
		{A94CB7C8-85DA-4ECD-9C9B-BC4E53A32F9D}.Release|Any CPU.ActiveCfg = Release|Any CPU
		{A94CB7C8-85DA-4ECD-9C9B-BC4E53A32F9D}.Release|Any CPU.Build.0 = Release|Any CPU
		{4490A94B-999B-4E74-A61F-3FCF71403C66}.Debug|Any CPU.ActiveCfg = Debug|Any CPU
		{4490A94B-999B-4E74-A61F-3FCF71403C66}.Debug|Any CPU.Build.0 = Debug|Any CPU
		{4490A94B-999B-4E74-A61F-3FCF71403C66}.Release|Any CPU.ActiveCfg = Release|Any CPU
		{4490A94B-999B-4E74-A61F-3FCF71403C66}.Release|Any CPU.Build.0 = Release|Any CPU
		{5FEF5C9D-8561-4AD2-973C-FE7C1CF3A097}.Debug|Any CPU.ActiveCfg = Debug|Any CPU
		{5FEF5C9D-8561-4AD2-973C-FE7C1CF3A097}.Debug|Any CPU.Build.0 = Debug|Any CPU
		{5FEF5C9D-8561-4AD2-973C-FE7C1CF3A097}.Release|Any CPU.ActiveCfg = Release|Any CPU
		{5FEF5C9D-8561-4AD2-973C-FE7C1CF3A097}.Release|Any CPU.Build.0 = Release|Any CPU
	EndGlobalSection
	GlobalSection(SolutionProperties) = preSolution
		HideSolutionNode = FALSE
	EndGlobalSection
	GlobalSection(ExtensibilityGlobals) = postSolution
		SolutionGuid = {39C47DDB-61A6-40C4-8B0D-F46BBDCDA3DD}
	EndGlobalSection
EndGlobal
